# This file is automatically @generated by Cargo.
# It is not intended for manual editing.
version = 4

[[package]]
name = "kyne_ast"
version = "0.1.0"
dependencies = [
 "kyne_cst",
]

[[package]]
name = "kyne_cache"
version = "0.1.0"

[[package]]
name = "kyne_cli"
version = "0.1.0"
dependencies = [
 "kyne_driver",
]

[[package]]
name = "kyne_codegen"
version = "0.1.0"
dependencies = [
 "kyne_rir",
]

[[package]]
name = "kyne_cst"
version = "0.1.0"
dependencies = [
 "kyne_diagnostics",
 "kyne_parser",
]

[[package]]
name = "kyne_diagnostics"
version = "0.1.0"

[[package]]
name = "kyne_docgen"
version = "0.1.0"
dependencies = [
 "kyne_ast",
 "kyne_cst",
]

[[package]]
name = "kyne_driver"
version = "0.1.0"
dependencies = [
 "kyne_ast",
 "kyne_cache",
 "kyne_codegen",
 "kyne_cst",
 "kyne_diagnostics",
 "kyne_hir",
 "kyne_lexer",
 "kyne_optimizer",
 "kyne_parser",
 "kyne_resolver",
 "kyne_rir",
 "kyne_security",
 "kyne_semantics",
 "kyne_types",
]

[[package]]
name = "kyne_formatter"
version = "0.1.0"
dependencies = [
 "kyne_cst",
 "kyne_diagnostics",
 "kyne_lexer",
 "kyne_parser",
]

[[package]]
name = "kyne_hir"
version = "0.1.0"
dependencies = [
 "kyne_semantics",
]

[[package]]
name = "kyne_lexer"
version = "0.1.0"

[[package]]
name = "kyne_lsp"
version = "0.1.0"
dependencies = [
 "kyne_ast",
 "kyne_cst",
 "kyne_diagnostics",
 "kyne_resolver",
 "kyne_types",
]

[[package]]
name = "kyne_optimizer"
version = "0.1.0"
dependencies = [
 "kyne_hir",
]

[[package]]
name = "kyne_parser"
version = "0.1.0"
dependencies = [
 "kyne_diagnostics",
 "kyne_lexer",
]

[[package]]
name = "kyne_playground"
version = "0.1.0"
dependencies = [
 "kyne_cache",
 "kyne_driver",
 "kyne_formatter",
]

[[package]]
name = "kyne_resolver"
version = "0.1.0"
dependencies = [
 "kyne_ast",
 "kyne_diagnostics",
]

[[package]]
name = "kyne_rir"
version = "0.1.0"
dependencies = [
 "kyne_hir",
]

[[package]]
name = "kyne_security"
version = "0.1.0"
dependencies = [
 "kyne_diagnostics",
 "kyne_types",
]

[[package]]
name = "kyne_semantics"
version = "0.1.0"
dependencies = [
 "kyne_diagnostics",
 "kyne_types",
]

[[package]]
name = "kyne_stdlib_auth"
version = "0.1.0"

[[package]]
name = "kyne_stdlib_collections"
version = "0.1.0"

[[package]]
name = "kyne_stdlib_convert"
version = "0.1.0"

[[package]]
name = "kyne_stdlib_core"
version = "0.1.0"

[[package]]
name = "kyne_stdlib_crypto"
version = "0.1.0"

[[package]]
name = "kyne_stdlib_debug"
version = "0.1.0"

[[package]]
name = "kyne_stdlib_events"
version = "0.1.0"

[[package]]
name = "kyne_stdlib_ledger"
version = "0.1.0"

[[package]]
name = "kyne_stdlib_math"
version = "0.1.0"

[[package]]
name = "kyne_stdlib_storage"
version = "0.1.0"

[[package]]
name = "kyne_stdlib_test"
version = "0.1.0"

[[package]]
name = "kyne_stdlib_time"
version = "0.1.0"
dependencies = [
 "kyne_stdlib_ledger",
]

[[package]]
name = "kyne_test_runner"
version = "0.1.0"
dependencies = [
 "kyne_driver",
]

[[package]]
name = "kyne_types"
version = "0.1.0"
dependencies = [
 "kyne_diagnostics",
 "kyne_resolver",
]
